
Microsoft Visual Studio Solution File, Format Version 12.00
# Visual Studio Version 16
VisualStudioVersion = 16.0.31515.178
MinimumVisualStudioVersion = 10.0.40219.1
Project("{FAE04EC0-301F-11D3-BF4B-00C04F79EFBC}") = "ExCallPythonFlask", "ExCallPythonFlask\ExCallPythonFlask.csproj", "{BA39EF90-F679-49A6-B9F2-D5F2C7E38F7F}"
EndProject
Global
	GlobalSection(SolutionConfigurationPlatforms) = preSolution
		Debug|Any CPU = Debug|Any CPU
		Release|Any CPU = Release|Any CPU
	EndGlobalSection
	GlobalSection(ProjectConfigurationPlatforms) = postSolution
		{BA39EF90-F679-49A6-B9F2-D5F2C7E38F7F}.Debug|Any CPU.ActiveCfg = Debug|Any CPU
		{BA39EF90-F679-49A6-B9F2-D5F2C7E38F7F}.Debug|Any CPU.Build.0 = Debug|Any CPU
		{BA39EF90-F679-49A6-B9F2-D5F2C7E38F7F}.Release|Any CPU.ActiveCfg = Release|Any CPU
		{BA39EF90-F679-49A6-B9F2-D5F2C7E38F7F}.Release|Any CPU.Build.0 = Release|Any CPU
	EndGlobalSection
	GlobalSection(SolutionProperties) = preSolution
		HideSolutionNode = FALSE
	EndGlobalSection
	GlobalSection(ExtensibilityGlobals) = postSolution
		SolutionGuid = {E87B178B-C239-495A-8895-3C7A31B70762}
	EndGlobalSection
EndGlobal
